// !$*UTF8*$!
{
	archiveVersion = 1;
	classes = {
	};
	objectVersion = 55;
	objects = {

/* Begin PBXBuildFile section */
		912A72042733B99300C1A37E /* LocalFileManagerTests.swift in Sources */ = {isa = PBXBuildFile; fileRef = 912A72032733B99300C1A37E /* LocalFileManagerTests.swift */; };
		912A720A2733B9AC00C1A37E /* LocalFileManager.swift in Sources */ = {isa = PBXBuildFile; fileRef = 91E4178827312FEB001BA0A6 /* LocalFileManager.swift */; };
		914E1D87273A191D000CA5FB /* MediaCollectionViewCell.swift in Sources */ = {isa = PBXBuildFile; fileRef = 914E1D86273A191D000CA5FB /* MediaCollectionViewCell.swift */; };
		9165584C273B5D3F00C55CDC /* LocalFileAccessible.swift in Sources */ = {isa = PBXBuildFile; fileRef = 9165584B273B5D3F00C55CDC /* LocalFileAccessible.swift */; };
		9165584E273B5F2000C55CDC /* NetworkEnums.swift in Sources */ = {isa = PBXBuildFile; fileRef = 9165584D273B5F2000C55CDC /* NetworkEnums.swift */; };
		91655850273B5F4800C55CDC /* RemoteServiceAccessible.swift in Sources */ = {isa = PBXBuildFile; fileRef = 9165584F273B5F4800C55CDC /* RemoteServiceAccessible.swift */; };
		91655852273B618700C55CDC /* LocalFileEnums.swift in Sources */ = {isa = PBXBuildFile; fileRef = 91655851273B618700C55CDC /* LocalFileEnums.swift */; };
		91655854273B6EE800C55CDC /* LocalDBManagable.swift in Sources */ = {isa = PBXBuildFile; fileRef = 91655853273B6EE800C55CDC /* LocalDBManagable.swift */; };
		91655856273B6F0200C55CDC /* LocalDBEnums.swift in Sources */ = {isa = PBXBuildFile; fileRef = 91655855273B6F0200C55CDC /* LocalDBEnums.swift */; };
		91655858273B773400C55CDC /* ContentsListUseCase.swift in Sources */ = {isa = PBXBuildFile; fileRef = 91655857273B773400C55CDC /* ContentsListUseCase.swift */; };
		9165585A273B78A000C55CDC /* MediaListRepository.swift in Sources */ = {isa = PBXBuildFile; fileRef = 91655859273B78A000C55CDC /* MediaListRepository.swift */; };
		9165585C273B8E6E00C55CDC /* PlayHistory.swift in Sources */ = {isa = PBXBuildFile; fileRef = 9165585B273B8E6E00C55CDC /* PlayHistory.swift */; };
		9165585E273B8F5000C55CDC /* MaximListRepository.swift in Sources */ = {isa = PBXBuildFile; fileRef = 9165585D273B8F5000C55CDC /* MaximListRepository.swift */; };
		9198DE952733863500EBAEC8 /* Common.swift in Sources */ = {isa = PBXBuildFile; fileRef = 9198DE942733863500EBAEC8 /* Common.swift */; };
		91CE6F6F2739024800176AF2 /* Home+Enums.swift in Sources */ = {isa = PBXBuildFile; fileRef = 91CE6F6E2739024800176AF2 /* Home+Enums.swift */; };
		91CE6F7327390AD200176AF2 /* FocusButton.swift in Sources */ = {isa = PBXBuildFile; fileRef = 91CE6F7227390AD200176AF2 /* FocusButton.swift */; };
		91CE6F7527391E1C00176AF2 /* HomeViewModel.swift in Sources */ = {isa = PBXBuildFile; fileRef = 91CE6F7427391E1C00176AF2 /* HomeViewModel.swift */; };
		91DABCC0273A4EF000E57AAE /* AudioPlayUseCase.swift in Sources */ = {isa = PBXBuildFile; fileRef = 91DABCBF273A4EF000E57AAE /* AudioPlayUseCase.swift */; };
		91DABCC2273A651400E57AAE /* test2.mp4 in Resources */ = {isa = PBXBuildFile; fileRef = 91DABCC1273A64FD00E57AAE /* test2.mp4 */; };
		91E4178927312FEB001BA0A6 /* LocalFileManager.swift in Sources */ = {isa = PBXBuildFile; fileRef = 91E4178827312FEB001BA0A6 /* LocalFileManager.swift */; };
		91EA47C027383DE600780C3E /* test.mp4 in Resources */ = {isa = PBXBuildFile; fileRef = 91EA47BF27383DD200780C3E /* test.mp4 */; };
		91EA47C127383DE600780C3E /* testSound.m4a in Resources */ = {isa = PBXBuildFile; fileRef = 91EA47BE27383DD100780C3E /* testSound.m4a */; };
		91EA47C42738451100780C3E /* BlurEffect.swift in Sources */ = {isa = PBXBuildFile; fileRef = 91EA47C32738451100780C3E /* BlurEffect.swift */; };
		91EA47C6273846A800780C3E /* BlurCircleButton.swift in Sources */ = {isa = PBXBuildFile; fileRef = 91EA47C5273846A800780C3E /* BlurCircleButton.swift */; };
		91EA47C827384EA500780C3E /* SystemConstants.swift in Sources */ = {isa = PBXBuildFile; fileRef = 91EA47C727384EA500780C3E /* SystemConstants.swift */; };
		B4015CD42739151B006BD14A /* RecentMusicViewController.swift in Sources */ = {isa = PBXBuildFile; fileRef = B4015CD32739151B006BD14A /* RecentMusicViewController.swift */; };
		B4015CD627391529006BD14A /* FavoriteMusicViewController.swift in Sources */ = {isa = PBXBuildFile; fileRef = B4015CD527391529006BD14A /* FavoriteMusicViewController.swift */; };
		B4015CD82739270C006BD14A /* GenreCollectionViewCell.swift in Sources */ = {isa = PBXBuildFile; fileRef = B4015CD72739270C006BD14A /* GenreCollectionViewCell.swift */; };
		B40D1FA9273B5F1900881A49 /* DefaultFocusViewController.swift in Sources */ = {isa = PBXBuildFile; fileRef = B40D1FA8273B5F1900881A49 /* DefaultFocusViewController.swift */; };
		B40D1FAB273B5F2100881A49 /* DefaultFocusViewModel.swift in Sources */ = {isa = PBXBuildFile; fileRef = B40D1FAA273B5F2100881A49 /* DefaultFocusViewModel.swift */; };
		B40D1FAD273B5F2800881A49 /* PomodoroFocusViewController.swift in Sources */ = {isa = PBXBuildFile; fileRef = B40D1FAC273B5F2700881A49 /* PomodoroFocusViewController.swift */; };
		B40D1FAF273B5F2C00881A49 /* PomodoroFocusViewModel.swift in Sources */ = {isa = PBXBuildFile; fileRef = B40D1FAE273B5F2C00881A49 /* PomodoroFocusViewModel.swift */; };
		B40D1FB3273B5F3500881A49 /* InfinityFocusViewModel.swift in Sources */ = {isa = PBXBuildFile; fileRef = B40D1FB2273B5F3500881A49 /* InfinityFocusViewModel.swift */; };
		B40D1FB5273B5F3900881A49 /* GenerateTimerUseCase.swift in Sources */ = {isa = PBXBuildFile; fileRef = B40D1FB4273B5F3900881A49 /* GenerateTimerUseCase.swift */; };
		B40D1FB7273B60A500881A49 /* Int+Extension.swift in Sources */ = {isa = PBXBuildFile; fileRef = B40D1FB6273B60A500881A49 /* Int+Extension.swift */; };
		B40D1FB9273B674F00881A49 /* InfinityFocusViewController.swift in Sources */ = {isa = PBXBuildFile; fileRef = B40D1FB8273B674F00881A49 /* InfinityFocusViewController.swift */; };
		B4153941273B93B0004EF80F /* SaveFocusTimeUseCase.swift in Sources */ = {isa = PBXBuildFile; fileRef = B4153940273B93B0004EF80F /* SaveFocusTimeUseCase.swift */; };
		B4153945273B9676004EF80F /* FocusRecord.swift in Sources */ = {isa = PBXBuildFile; fileRef = B4153944273B9676004EF80F /* FocusRecord.swift */; };
		B4153947273BA005004EF80F /* Date+Extension.swift in Sources */ = {isa = PBXBuildFile; fileRef = B4153946273BA005004EF80F /* Date+Extension.swift */; };
		B4153949273BA34A004EF80F /* FocusTimeRepository.swift in Sources */ = {isa = PBXBuildFile; fileRef = B4153948273BA34A004EF80F /* FocusTimeRepository.swift */; };
		B4F36B5127336EE20073609C /* UserDefaultsStorage.swift in Sources */ = {isa = PBXBuildFile; fileRef = B4F36B5027336EE20073609C /* UserDefaultsStorage.swift */; };
		B4F36B5927338E9B0073609C /* UserDefaultsStorageTest.swift in Sources */ = {isa = PBXBuildFile; fileRef = B4F36B5827338E9B0073609C /* UserDefaultsStorageTest.swift */; };
		B4F36B662733B8770073609C /* SearchViewController.swift in Sources */ = {isa = PBXBuildFile; fileRef = B4F36B652733B8770073609C /* SearchViewController.swift */; };
		B4F36B682733D4210073609C /* SearchTableViewCell.swift in Sources */ = {isa = PBXBuildFile; fileRef = B4F36B672733D4200073609C /* SearchTableViewCell.swift */; };
		DD3902D1272FCA10009ECA82 /* AppDelegate.swift in Sources */ = {isa = PBXBuildFile; fileRef = DD3902D0272FCA10009ECA82 /* AppDelegate.swift */; };
		DD3902D3272FCA10009ECA82 /* SceneDelegate.swift in Sources */ = {isa = PBXBuildFile; fileRef = DD3902D2272FCA10009ECA82 /* SceneDelegate.swift */; };
		DD3902DA272FCA12009ECA82 /* Assets.xcassets in Resources */ = {isa = PBXBuildFile; fileRef = DD3902D9272FCA12009ECA82 /* Assets.xcassets */; };
		DD3902DD272FCA12009ECA82 /* LaunchScreen.storyboard in Resources */ = {isa = PBXBuildFile; fileRef = DD3902DB272FCA12009ECA82 /* LaunchScreen.storyboard */; };
		DDAA3D3D5F09E051F5BE96A6 /* Pods_JipJung.framework in Frameworks */ = {isa = PBXBuildFile; fileRef = 6ECB91629425C2E076873750 /* Pods_JipJung.framework */; };
		DDB5CE9E27328E8300E8F9EB /* HomeViewController.swift in Sources */ = {isa = PBXBuildFile; fileRef = DDB5CE9D27328E8300E8F9EB /* HomeViewController.swift */; };
		DDB5CEA227328EC300E8F9EB /* ExploreViewController.swift in Sources */ = {isa = PBXBuildFile; fileRef = DDB5CEA127328EC300E8F9EB /* ExploreViewController.swift */; };
		DDB5CEA827328EF400E8F9EB /* MeViewController.swift in Sources */ = {isa = PBXBuildFile; fileRef = DDB5CEA727328EF400E8F9EB /* MeViewController.swift */; };
		DDB5CEAF273372A700E8F9EB /* Media.swift in Sources */ = {isa = PBXBuildFile; fileRef = DDB5CEAE273372A700E8F9EB /* Media.swift */; };
		DDB5CEB12733746600E8F9EB /* Maxim.swift in Sources */ = {isa = PBXBuildFile; fileRef = DDB5CEB02733746600E8F9EB /* Maxim.swift */; };
		DDB5CEB32733752D00E8F9EB /* FavoriteMedia.swift in Sources */ = {isa = PBXBuildFile; fileRef = DDB5CEB22733752D00E8F9EB /* FavoriteMedia.swift */; };
		DDB5CEB82733765500E8F9EB /* FavoriteMaxim.swift in Sources */ = {isa = PBXBuildFile; fileRef = DDB5CEB72733765500E8F9EB /* FavoriteMaxim.swift */; };
		DDB5CEBE2733A49A00E8F9EB /* RealmDBManager.swift in Sources */ = {isa = PBXBuildFile; fileRef = DDB5CEBD2733A49A00E8F9EB /* RealmDBManager.swift */; };
		DDB92B9B2737A98B00EE26F0 /* MusicCollectionViewCell.swift in Sources */ = {isa = PBXBuildFile; fileRef = DDB92B9A2737A98B00EE26F0 /* MusicCollectionViewCell.swift */; };
		DDB92B9D2737BD5E00EE26F0 /* UIView+Extension.swift in Sources */ = {isa = PBXBuildFile; fileRef = DDB92B9C2737BD5E00EE26F0 /* UIView+Extension.swift */; };
		DF08B1DD2737F5010066518B /* RemoteServiceProvider.swift in Sources */ = {isa = PBXBuildFile; fileRef = DF08B1DC2737F5010066518B /* RemoteServiceProvider.swift */; };
		DF30FEF9273A730F001C720E /* TagCell.swift in Sources */ = {isa = PBXBuildFile; fileRef = DF30FEF8273A730F001C720E /* TagCell.swift */; };
		DF30FEFB273ADAA9001C720E /* CollectionView+MusicPlayerViewController.swift in Sources */ = {isa = PBXBuildFile; fileRef = DF30FEFA273ADAA9001C720E /* CollectionView+MusicPlayerViewController.swift */; };
		DF30FEFD273AEBD3001C720E /* sea.mp4 in Resources */ = {isa = PBXBuildFile; fileRef = DF30FEFC273AEB09001C720E /* sea.mp4 */; };
		DF30FF05273CBC3B001C720E /* MusicPlayerButtons.swift in Sources */ = {isa = PBXBuildFile; fileRef = DF30FF04273CBC3B001C720E /* MusicPlayerButtons.swift */; };
		DF6B111127390F1900D9924E /* MediaResourceRepository.swift in Sources */ = {isa = PBXBuildFile; fileRef = DF6B111027390F1900D9924E /* MediaResourceRepository.swift */; };
		DF71D22F2734455600CD980E /* GoogleService-Info.plist in Resources */ = {isa = PBXBuildFile; fileRef = DF71D22E2734455600CD980E /* GoogleService-Info.plist */; };
		DFED21CB2733702800E99641 /* MusicPlayerViewController.swift in Sources */ = {isa = PBXBuildFile; fileRef = DFED21CA2733702800E99641 /* MusicPlayerViewController.swift */; };
		DFED21D02733931600E99641 /* MusicDescriptionView.swift in Sources */ = {isa = PBXBuildFile; fileRef = DFED21CF2733931600E99641 /* MusicDescriptionView.swift */; };
		DFED21D92733AE8400E99641 /* MusicPlayerMaximView.swift in Sources */ = {isa = PBXBuildFile; fileRef = DFED21D82733AE8400E99641 /* MusicPlayerMaximView.swift */; };
		DDB92B9B2737A98B00EE26F0 /* MusicCardCollectionViewCell.swift in Sources */ = {isa = PBXBuildFile; fileRef = DDB92B9A2737A98B00EE26F0 /* MusicCardCollectionViewCell.swift */; };
		DDB92B9D2737BD5E00EE26F0 /* UIView+Extension.swift in Sources */ = {isa = PBXBuildFile; fileRef = DDB92B9C2737BD5E00EE26F0 /* UIView+Extension.swift */; };
		DDB92BA12737E36E00EE26F0 /* FocusViewController.swift in Sources */ = {isa = PBXBuildFile; fileRef = DDB92BA02737E36E00EE26F0 /* FocusViewController.swift */; };
		DDB92BA32738021B00EE26F0 /* FocusTimeView.swift in Sources */ = {isa = PBXBuildFile; fileRef = DDB92BA22738021B00EE26F0 /* FocusTimeView.swift */; };
		DDB92BA5273802D500EE26F0 /* FocusStartView.swift in Sources */ = {isa = PBXBuildFile; fileRef = DDB92BA4273802D500EE26F0 /* FocusStartView.swift */; };
		DDB92BA7273803AA00EE26F0 /* FocusExtraView.swift in Sources */ = {isa = PBXBuildFile; fileRef = DDB92BA6273803AA00EE26F0 /* FocusExtraView.swift */; };
/* End PBXBuildFile section */

/* Begin PBXContainerItemProxy section */
		912A72052733B99300C1A37E /* PBXContainerItemProxy */ = {
			isa = PBXContainerItemProxy;
			containerPortal = DD3902C5272FCA10009ECA82 /* Project object */;
			proxyType = 1;
			remoteGlobalIDString = DD3902CC272FCA10009ECA82;
			remoteInfo = JipJung;
		};
		B4F36B5A27338E9B0073609C /* PBXContainerItemProxy */ = {
			isa = PBXContainerItemProxy;
			containerPortal = DD3902C5272FCA10009ECA82 /* Project object */;
			proxyType = 1;
			remoteGlobalIDString = DD3902CC272FCA10009ECA82;
			remoteInfo = JipJung;
		};
/* End PBXContainerItemProxy section */

/* Begin PBXFileReference section */
		0483E2A7DEBBF1C6B76CF830 /* Pods-JipJung.debug.xcconfig */ = {isa = PBXFileReference; includeInIndex = 1; lastKnownFileType = text.xcconfig; name = "Pods-JipJung.debug.xcconfig"; path = "Target Support Files/Pods-JipJung/Pods-JipJung.debug.xcconfig"; sourceTree = "<group>"; };
		0B8DD22FEC5E234B31F27E14 /* Pods-JipJung.release.xcconfig */ = {isa = PBXFileReference; includeInIndex = 1; lastKnownFileType = text.xcconfig; name = "Pods-JipJung.release.xcconfig"; path = "Target Support Files/Pods-JipJung/Pods-JipJung.release.xcconfig"; sourceTree = "<group>"; };
		6ECB91629425C2E076873750 /* Pods_JipJung.framework */ = {isa = PBXFileReference; explicitFileType = wrapper.framework; includeInIndex = 0; path = Pods_JipJung.framework; sourceTree = BUILT_PRODUCTS_DIR; };
		912A72012733B99300C1A37E /* LocalFileManagerTests.xctest */ = {isa = PBXFileReference; explicitFileType = wrapper.cfbundle; includeInIndex = 0; path = LocalFileManagerTests.xctest; sourceTree = BUILT_PRODUCTS_DIR; };
		912A72032733B99300C1A37E /* LocalFileManagerTests.swift */ = {isa = PBXFileReference; lastKnownFileType = sourcecode.swift; path = LocalFileManagerTests.swift; sourceTree = "<group>"; };
		914E1D86273A191D000CA5FB /* MediaCollectionViewCell.swift */ = {isa = PBXFileReference; lastKnownFileType = sourcecode.swift; path = MediaCollectionViewCell.swift; sourceTree = "<group>"; };
		9165584B273B5D3F00C55CDC /* LocalFileAccessible.swift */ = {isa = PBXFileReference; lastKnownFileType = sourcecode.swift; path = LocalFileAccessible.swift; sourceTree = "<group>"; };
		9165584D273B5F2000C55CDC /* NetworkEnums.swift */ = {isa = PBXFileReference; lastKnownFileType = sourcecode.swift; path = NetworkEnums.swift; sourceTree = "<group>"; };
		9165584F273B5F4800C55CDC /* RemoteServiceAccessible.swift */ = {isa = PBXFileReference; lastKnownFileType = sourcecode.swift; path = RemoteServiceAccessible.swift; sourceTree = "<group>"; };
		91655851273B618700C55CDC /* LocalFileEnums.swift */ = {isa = PBXFileReference; lastKnownFileType = sourcecode.swift; path = LocalFileEnums.swift; sourceTree = "<group>"; };
		91655853273B6EE800C55CDC /* LocalDBManagable.swift */ = {isa = PBXFileReference; lastKnownFileType = sourcecode.swift; path = LocalDBManagable.swift; sourceTree = "<group>"; };
		91655855273B6F0200C55CDC /* LocalDBEnums.swift */ = {isa = PBXFileReference; lastKnownFileType = sourcecode.swift; path = LocalDBEnums.swift; sourceTree = "<group>"; };
		91655857273B773400C55CDC /* ContentsListUseCase.swift */ = {isa = PBXFileReference; fileEncoding = 4; lastKnownFileType = sourcecode.swift; path = ContentsListUseCase.swift; sourceTree = "<group>"; };
		91655859273B78A000C55CDC /* MediaListRepository.swift */ = {isa = PBXFileReference; lastKnownFileType = sourcecode.swift; path = MediaListRepository.swift; sourceTree = "<group>"; };
		9165585B273B8E6E00C55CDC /* PlayHistory.swift */ = {isa = PBXFileReference; lastKnownFileType = sourcecode.swift; path = PlayHistory.swift; sourceTree = "<group>"; };
		9165585D273B8F5000C55CDC /* MaximListRepository.swift */ = {isa = PBXFileReference; lastKnownFileType = sourcecode.swift; path = MaximListRepository.swift; sourceTree = "<group>"; };
		9198DE942733863500EBAEC8 /* Common.swift */ = {isa = PBXFileReference; lastKnownFileType = sourcecode.swift; path = Common.swift; sourceTree = "<group>"; };
		91CE6F6E2739024800176AF2 /* Home+Enums.swift */ = {isa = PBXFileReference; lastKnownFileType = sourcecode.swift; path = "Home+Enums.swift"; sourceTree = "<group>"; };
		91CE6F7227390AD200176AF2 /* FocusButton.swift */ = {isa = PBXFileReference; lastKnownFileType = sourcecode.swift; path = FocusButton.swift; sourceTree = "<group>"; };
		91CE6F7427391E1C00176AF2 /* HomeViewModel.swift */ = {isa = PBXFileReference; lastKnownFileType = sourcecode.swift; path = HomeViewModel.swift; sourceTree = "<group>"; };
		91DABCBF273A4EF000E57AAE /* AudioPlayUseCase.swift */ = {isa = PBXFileReference; lastKnownFileType = sourcecode.swift; path = AudioPlayUseCase.swift; sourceTree = "<group>"; };
		91DABCC1273A64FD00E57AAE /* test2.mp4 */ = {isa = PBXFileReference; lastKnownFileType = file; path = test2.mp4; sourceTree = "<group>"; };
		91E4178827312FEB001BA0A6 /* LocalFileManager.swift */ = {isa = PBXFileReference; lastKnownFileType = sourcecode.swift; path = LocalFileManager.swift; sourceTree = "<group>"; };
		91EA47BE27383DD100780C3E /* testSound.m4a */ = {isa = PBXFileReference; lastKnownFileType = file; path = testSound.m4a; sourceTree = "<group>"; };
		91EA47BF27383DD200780C3E /* test.mp4 */ = {isa = PBXFileReference; lastKnownFileType = file; path = test.mp4; sourceTree = "<group>"; };
		91EA47C32738451100780C3E /* BlurEffect.swift */ = {isa = PBXFileReference; lastKnownFileType = sourcecode.swift; path = BlurEffect.swift; sourceTree = "<group>"; };
		91EA47C5273846A800780C3E /* BlurCircleButton.swift */ = {isa = PBXFileReference; lastKnownFileType = sourcecode.swift; path = BlurCircleButton.swift; sourceTree = "<group>"; };
		91EA47C727384EA500780C3E /* SystemConstants.swift */ = {isa = PBXFileReference; lastKnownFileType = sourcecode.swift; path = SystemConstants.swift; sourceTree = "<group>"; };
		B4015CD32739151B006BD14A /* RecentMusicViewController.swift */ = {isa = PBXFileReference; lastKnownFileType = sourcecode.swift; path = RecentMusicViewController.swift; sourceTree = "<group>"; };
		B4015CD527391529006BD14A /* FavoriteMusicViewController.swift */ = {isa = PBXFileReference; lastKnownFileType = sourcecode.swift; path = FavoriteMusicViewController.swift; sourceTree = "<group>"; };
		B4015CD72739270C006BD14A /* GenreCollectionViewCell.swift */ = {isa = PBXFileReference; lastKnownFileType = sourcecode.swift; path = GenreCollectionViewCell.swift; sourceTree = "<group>"; };
		B40D1FA8273B5F1900881A49 /* DefaultFocusViewController.swift */ = {isa = PBXFileReference; fileEncoding = 4; lastKnownFileType = sourcecode.swift; path = DefaultFocusViewController.swift; sourceTree = "<group>"; };
		B40D1FAA273B5F2100881A49 /* DefaultFocusViewModel.swift */ = {isa = PBXFileReference; fileEncoding = 4; lastKnownFileType = sourcecode.swift; path = DefaultFocusViewModel.swift; sourceTree = "<group>"; };
		B40D1FAC273B5F2700881A49 /* PomodoroFocusViewController.swift */ = {isa = PBXFileReference; fileEncoding = 4; lastKnownFileType = sourcecode.swift; path = PomodoroFocusViewController.swift; sourceTree = "<group>"; };
		B40D1FAE273B5F2C00881A49 /* PomodoroFocusViewModel.swift */ = {isa = PBXFileReference; fileEncoding = 4; lastKnownFileType = sourcecode.swift; path = PomodoroFocusViewModel.swift; sourceTree = "<group>"; };
		B40D1FB2273B5F3500881A49 /* InfinityFocusViewModel.swift */ = {isa = PBXFileReference; fileEncoding = 4; lastKnownFileType = sourcecode.swift; path = InfinityFocusViewModel.swift; sourceTree = "<group>"; };
		B40D1FB4273B5F3900881A49 /* GenerateTimerUseCase.swift */ = {isa = PBXFileReference; fileEncoding = 4; lastKnownFileType = sourcecode.swift; path = GenerateTimerUseCase.swift; sourceTree = "<group>"; };
		B40D1FB6273B60A500881A49 /* Int+Extension.swift */ = {isa = PBXFileReference; lastKnownFileType = sourcecode.swift; path = "Int+Extension.swift"; sourceTree = "<group>"; };
		B40D1FB8273B674F00881A49 /* InfinityFocusViewController.swift */ = {isa = PBXFileReference; fileEncoding = 4; lastKnownFileType = sourcecode.swift; path = InfinityFocusViewController.swift; sourceTree = "<group>"; };
		B4153940273B93B0004EF80F /* SaveFocusTimeUseCase.swift */ = {isa = PBXFileReference; lastKnownFileType = sourcecode.swift; path = SaveFocusTimeUseCase.swift; sourceTree = "<group>"; };
		B4153944273B9676004EF80F /* FocusRecord.swift */ = {isa = PBXFileReference; lastKnownFileType = sourcecode.swift; path = FocusRecord.swift; sourceTree = "<group>"; };
		B4153946273BA005004EF80F /* Date+Extension.swift */ = {isa = PBXFileReference; lastKnownFileType = sourcecode.swift; path = "Date+Extension.swift"; sourceTree = "<group>"; };
		B4153948273BA34A004EF80F /* FocusTimeRepository.swift */ = {isa = PBXFileReference; lastKnownFileType = sourcecode.swift; path = FocusTimeRepository.swift; sourceTree = "<group>"; };
		B4F36B5027336EE20073609C /* UserDefaultsStorage.swift */ = {isa = PBXFileReference; lastKnownFileType = sourcecode.swift; path = UserDefaultsStorage.swift; sourceTree = "<group>"; };
		B4F36B5627338E9B0073609C /* UserDefaultsStorageTest.xctest */ = {isa = PBXFileReference; explicitFileType = wrapper.cfbundle; includeInIndex = 0; path = UserDefaultsStorageTest.xctest; sourceTree = BUILT_PRODUCTS_DIR; };
		B4F36B5827338E9B0073609C /* UserDefaultsStorageTest.swift */ = {isa = PBXFileReference; lastKnownFileType = sourcecode.swift; path = UserDefaultsStorageTest.swift; sourceTree = "<group>"; };
		B4F36B652733B8770073609C /* SearchViewController.swift */ = {isa = PBXFileReference; lastKnownFileType = sourcecode.swift; path = SearchViewController.swift; sourceTree = "<group>"; };
		B4F36B672733D4200073609C /* SearchTableViewCell.swift */ = {isa = PBXFileReference; lastKnownFileType = sourcecode.swift; path = SearchTableViewCell.swift; sourceTree = "<group>"; };
		DD3902CD272FCA10009ECA82 /* JipJung.app */ = {isa = PBXFileReference; explicitFileType = wrapper.application; includeInIndex = 0; path = JipJung.app; sourceTree = BUILT_PRODUCTS_DIR; };
		DD3902D0272FCA10009ECA82 /* AppDelegate.swift */ = {isa = PBXFileReference; lastKnownFileType = sourcecode.swift; path = AppDelegate.swift; sourceTree = "<group>"; };
		DD3902D2272FCA10009ECA82 /* SceneDelegate.swift */ = {isa = PBXFileReference; lastKnownFileType = sourcecode.swift; path = SceneDelegate.swift; sourceTree = "<group>"; };
		DD3902D9272FCA12009ECA82 /* Assets.xcassets */ = {isa = PBXFileReference; lastKnownFileType = folder.assetcatalog; path = Assets.xcassets; sourceTree = "<group>"; };
		DD3902DC272FCA12009ECA82 /* Base */ = {isa = PBXFileReference; lastKnownFileType = file.storyboard; name = Base; path = Base.lproj/LaunchScreen.storyboard; sourceTree = "<group>"; };
		DD3902DE272FCA12009ECA82 /* Info.plist */ = {isa = PBXFileReference; lastKnownFileType = text.plist.xml; path = Info.plist; sourceTree = "<group>"; };
		DD3902FC272FD388009ECA82 /* .swiftlint.yml */ = {isa = PBXFileReference; lastKnownFileType = text.yaml; path = .swiftlint.yml; sourceTree = "<group>"; };
		DDB5CE9D27328E8300E8F9EB /* HomeViewController.swift */ = {isa = PBXFileReference; lastKnownFileType = sourcecode.swift; path = HomeViewController.swift; sourceTree = "<group>"; };
		DDB5CEA127328EC300E8F9EB /* ExploreViewController.swift */ = {isa = PBXFileReference; lastKnownFileType = sourcecode.swift; path = ExploreViewController.swift; sourceTree = "<group>"; };
		DDB5CEA727328EF400E8F9EB /* MeViewController.swift */ = {isa = PBXFileReference; lastKnownFileType = sourcecode.swift; path = MeViewController.swift; sourceTree = "<group>"; };
		DDB5CEAE273372A700E8F9EB /* Media.swift */ = {isa = PBXFileReference; lastKnownFileType = sourcecode.swift; path = Media.swift; sourceTree = "<group>"; };
		DDB5CEB02733746600E8F9EB /* Maxim.swift */ = {isa = PBXFileReference; lastKnownFileType = sourcecode.swift; path = Maxim.swift; sourceTree = "<group>"; };
		DDB5CEB22733752D00E8F9EB /* FavoriteMedia.swift */ = {isa = PBXFileReference; lastKnownFileType = sourcecode.swift; path = FavoriteMedia.swift; sourceTree = "<group>"; };
		DDB5CEB72733765500E8F9EB /* FavoriteMaxim.swift */ = {isa = PBXFileReference; lastKnownFileType = sourcecode.swift; path = FavoriteMaxim.swift; sourceTree = "<group>"; };
		DDB5CEBD2733A49A00E8F9EB /* RealmDBManager.swift */ = {isa = PBXFileReference; lastKnownFileType = sourcecode.swift; path = RealmDBManager.swift; sourceTree = "<group>"; };
		DDB92B9A2737A98B00EE26F0 /* MusicCollectionViewCell.swift */ = {isa = PBXFileReference; lastKnownFileType = sourcecode.swift; path = MusicCollectionViewCell.swift; sourceTree = "<group>"; };
		DDB92B9C2737BD5E00EE26F0 /* UIView+Extension.swift */ = {isa = PBXFileReference; lastKnownFileType = sourcecode.swift; path = "UIView+Extension.swift"; sourceTree = "<group>"; };
		DF08B1DC2737F5010066518B /* RemoteServiceProvider.swift */ = {isa = PBXFileReference; lastKnownFileType = sourcecode.swift; path = RemoteServiceProvider.swift; sourceTree = "<group>"; };
		DF30FEF8273A730F001C720E /* TagCell.swift */ = {isa = PBXFileReference; lastKnownFileType = sourcecode.swift; path = TagCell.swift; sourceTree = "<group>"; };
		DF30FEFA273ADAA9001C720E /* CollectionView+MusicPlayerViewController.swift */ = {isa = PBXFileReference; lastKnownFileType = sourcecode.swift; path = "CollectionView+MusicPlayerViewController.swift"; sourceTree = "<group>"; };
		DF30FEFC273AEB09001C720E /* sea.mp4 */ = {isa = PBXFileReference; lastKnownFileType = file; path = sea.mp4; sourceTree = "<group>"; };
		DF30FF04273CBC3B001C720E /* MusicPlayerButtons.swift */ = {isa = PBXFileReference; lastKnownFileType = sourcecode.swift; path = MusicPlayerButtons.swift; sourceTree = "<group>"; };
		DF6B111027390F1900D9924E /* MediaResourceRepository.swift */ = {isa = PBXFileReference; lastKnownFileType = sourcecode.swift; path = MediaResourceRepository.swift; sourceTree = "<group>"; };
		DF71D22E2734455600CD980E /* GoogleService-Info.plist */ = {isa = PBXFileReference; fileEncoding = 4; lastKnownFileType = text.plist.xml; path = "GoogleService-Info.plist"; sourceTree = "<group>"; };
		DFED21CA2733702800E99641 /* MusicPlayerViewController.swift */ = {isa = PBXFileReference; lastKnownFileType = sourcecode.swift; path = MusicPlayerViewController.swift; sourceTree = "<group>"; };
		DFED21CF2733931600E99641 /* MusicDescriptionView.swift */ = {isa = PBXFileReference; lastKnownFileType = sourcecode.swift; path = MusicDescriptionView.swift; sourceTree = "<group>"; };
		DFED21D82733AE8400E99641 /* MusicPlayerMaximView.swift */ = {isa = PBXFileReference; lastKnownFileType = sourcecode.swift; path = MusicPlayerMaximView.swift; sourceTree = "<group>"; };
		DDB92B9A2737A98B00EE26F0 /* MusicCardCollectionViewCell.swift */ = {isa = PBXFileReference; lastKnownFileType = sourcecode.swift; path = MusicCardCollectionViewCell.swift; sourceTree = "<group>"; };
		DDB92B9C2737BD5E00EE26F0 /* UIView+Extension.swift */ = {isa = PBXFileReference; lastKnownFileType = sourcecode.swift; path = "UIView+Extension.swift"; sourceTree = "<group>"; };
		DDB92BA02737E36E00EE26F0 /* FocusViewController.swift */ = {isa = PBXFileReference; lastKnownFileType = sourcecode.swift; path = FocusViewController.swift; sourceTree = "<group>"; };
		DDB92BA22738021B00EE26F0 /* FocusTimeView.swift */ = {isa = PBXFileReference; lastKnownFileType = sourcecode.swift; path = FocusTimeView.swift; sourceTree = "<group>"; };
		DDB92BA4273802D500EE26F0 /* FocusStartView.swift */ = {isa = PBXFileReference; lastKnownFileType = sourcecode.swift; path = FocusStartView.swift; sourceTree = "<group>"; };
		DDB92BA6273803AA00EE26F0 /* FocusExtraView.swift */ = {isa = PBXFileReference; lastKnownFileType = sourcecode.swift; path = FocusExtraView.swift; sourceTree = "<group>"; };
/* End PBXFileReference section */

/* Begin PBXFrameworksBuildPhase section */
		912A71FE2733B99300C1A37E /* Frameworks */ = {
			isa = PBXFrameworksBuildPhase;
			buildActionMask = 2147483647;
			files = (
			);
			runOnlyForDeploymentPostprocessing = 0;
		};
		B4F36B5327338E9B0073609C /* Frameworks */ = {
			isa = PBXFrameworksBuildPhase;
			buildActionMask = 2147483647;
			files = (
			);
			runOnlyForDeploymentPostprocessing = 0;
		};
		DD3902CA272FCA10009ECA82 /* Frameworks */ = {
			isa = PBXFrameworksBuildPhase;
			buildActionMask = 2147483647;
			files = (
				DDAA3D3D5F09E051F5BE96A6 /* Pods_JipJung.framework in Frameworks */,
			);
			runOnlyForDeploymentPostprocessing = 0;
		};
/* End PBXFrameworksBuildPhase section */

/* Begin PBXGroup section */
		912A72022733B99300C1A37E /* LocalFileManagerTests */ = {
			isa = PBXGroup;
			children = (
				912A72032733B99300C1A37E /* LocalFileManagerTests.swift */,
			);
			path = LocalFileManagerTests;
			sourceTree = "<group>";
		};
		91655846273B5C9000C55CDC /* Data */ = {
			isa = PBXGroup;
			children = (
				91655847273B5C9E00C55CDC /* Repositories */,
				9165584A273B5D2400C55CDC /* Interfaces */,
			);
			path = Data;
			sourceTree = "<group>";
		};
		91655847273B5C9E00C55CDC /* Repositories */ = {
			isa = PBXGroup;
			children = (
				DF6B111027390F1900D9924E /* MediaResourceRepository.swift */,
				91655859273B78A000C55CDC /* MediaListRepository.swift */,
				9165585D273B8F5000C55CDC /* MaximListRepository.swift */,
			);
			path = Repositories;
			sourceTree = "<group>";
		};
		91655849273B5CF900C55CDC /* Dummy */ = {
			isa = PBXGroup;
			children = (
				DF30FEFC273AEB09001C720E /* sea.mp4 */,
				91DABCC1273A64FD00E57AAE /* test2.mp4 */,
				91EA47BF27383DD200780C3E /* test.mp4 */,
				91EA47BE27383DD100780C3E /* testSound.m4a */,
			);
			path = Dummy;
			sourceTree = "<group>";
		};
		9165584A273B5D2400C55CDC /* Interfaces */ = {
			isa = PBXGroup;
			children = (
				9165584B273B5D3F00C55CDC /* LocalFileAccessible.swift */,
				9165584F273B5F4800C55CDC /* RemoteServiceAccessible.swift */,
				91655853273B6EE800C55CDC /* LocalDBManagable.swift */,
			);
			path = Interfaces;
			sourceTree = "<group>";
		};
		9198DE93273385D800EBAEC8 /* Localizing */ = {
			isa = PBXGroup;
			children = (
				9198DE942733863500EBAEC8 /* Common.swift */,
			);
			path = Localizing;
			sourceTree = "<group>";
		};
		91CE6F7627391FF700176AF2 /* UseCases */ = {
			isa = PBXGroup;
			children = (
				91655857273B773400C55CDC /* ContentsListUseCase.swift */,
				91DABCBF273A4EF000E57AAE /* AudioPlayUseCase.swift */,
			);
			path = UseCases;
			sourceTree = "<group>";
		};
		91E4174C27312E5A001BA0A6 /* Infra */ = {
			isa = PBXGroup;
			children = (
				DF71D23027344AC700CD980E /* Network */,
				B4F36B4F27336EBD0073609C /* UserDefaults */,
				DDB5CEBC2733A3A200E8F9EB /* LocalDB */,
				91E4174F27312E5A001BA0A6 /* File */,
			);
			path = Infra;
			sourceTree = "<group>";
		};
		91E4174F27312E5A001BA0A6 /* File */ = {
			isa = PBXGroup;
			children = (
				91655851273B618700C55CDC /* LocalFileEnums.swift */,
				91E4178827312FEB001BA0A6 /* LocalFileManager.swift */,
			);
			path = File;
			sourceTree = "<group>";
		};
		B4F36B4F27336EBD0073609C /* UserDefaults */ = {
			isa = PBXGroup;
			children = (
				B4F36B5027336EE20073609C /* UserDefaultsStorage.swift */,
			);
			path = UserDefaults;
			sourceTree = "<group>";
		};
		B4F36B5727338E9B0073609C /* UserDefaultsStorageTest */ = {
			isa = PBXGroup;
			children = (
				B4F36B5827338E9B0073609C /* UserDefaultsStorageTest.swift */,
			);
			path = UserDefaultsStorageTest;
			sourceTree = "<group>";
		};
		DD3902C4272FCA10009ECA82 = {
			isa = PBXGroup;
			children = (
				DD3902FC272FD388009ECA82 /* .swiftlint.yml */,
				DD3902CF272FCA10009ECA82 /* JipJung */,
				B4F36B5727338E9B0073609C /* UserDefaultsStorageTest */,
				912A72022733B99300C1A37E /* LocalFileManagerTests */,
				DD3902CE272FCA10009ECA82 /* Products */,
				DD3902F8272FD248009ECA82 /* Frameworks */,
				FC10DDE8A3B3F38BE43E9B68 /* Pods */,
			);
			sourceTree = "<group>";
		};
		DD3902CE272FCA10009ECA82 /* Products */ = {
			isa = PBXGroup;
			children = (
				DD3902CD272FCA10009ECA82 /* JipJung.app */,
				B4F36B5627338E9B0073609C /* UserDefaultsStorageTest.xctest */,
				912A72012733B99300C1A37E /* LocalFileManagerTests.xctest */,
			);
			name = Products;
			sourceTree = "<group>";
		};
		DD3902CF272FCA10009ECA82 /* JipJung */ = {
			isa = PBXGroup;
			children = (
				91655849273B5CF900C55CDC /* Dummy */,
				9198DE93273385D800EBAEC8 /* Localizing */,
				DD3902FD272FE21D009ECA82 /* Application */,
				DDB5CE9927328E5000E8F9EB /* UI */,
				DDB5CEAC2733727600E8F9EB /* Domain */,
				91655846273B5C9000C55CDC /* Data */,
				91E4174C27312E5A001BA0A6 /* Infra */,
				DD3902DE272FCA12009ECA82 /* Info.plist */,
				DF71D22E2734455600CD980E /* GoogleService-Info.plist */,
			);
			path = JipJung;
			sourceTree = "<group>";
		};
		DD3902F8272FD248009ECA82 /* Frameworks */ = {
			isa = PBXGroup;
			children = (
				6ECB91629425C2E076873750 /* Pods_JipJung.framework */,
			);
			name = Frameworks;
			sourceTree = "<group>";
		};
		DD3902FD272FE21D009ECA82 /* Application */ = {
			isa = PBXGroup;
			children = (
				DD3902D0272FCA10009ECA82 /* AppDelegate.swift */,
				DD3902D2272FCA10009ECA82 /* SceneDelegate.swift */,
				DD3902D9272FCA12009ECA82 /* Assets.xcassets */,
				DD3902DB272FCA12009ECA82 /* LaunchScreen.storyboard */,
			);
			path = Application;
			sourceTree = "<group>";
		};
		DDB5CE9927328E5000E8F9EB /* UI */ = {
			isa = PBXGroup;
			children = (
				DDB92B992737A96600EE26F0 /* Common */,
				DDB5CE9F27328EA900E8F9EB /* Explore */,
				DDB5CEA327328ED900E8F9EB /* Me */,
				DDB5CE9A27328E5D00E8F9EB /* Home */,
				DFED21C927336F8F00E99641 /* Sound */,
			);
			path = UI;
			sourceTree = "<group>";
		};
		DDB5CE9A27328E5D00E8F9EB /* Home */ = {
			isa = PBXGroup;
			children = (
				91CE6F6E2739024800176AF2 /* Home+Enums.swift */,
				DDB5CE9C27328E7600E8F9EB /* Main */,
				DDB92B9F2737E36300EE26F0 /* Focus */,
			);
			path = Home;
			sourceTree = "<group>";
		};
		DDB5CE9C27328E7600E8F9EB /* Main */ = {
			isa = PBXGroup;
			children = (
				DDB5CE9D27328E8300E8F9EB /* HomeViewController.swift */,
				B4015CD32739151B006BD14A /* RecentMusicViewController.swift */,
				B4015CD527391529006BD14A /* FavoriteMusicViewController.swift */,
				B40D1FA8273B5F1900881A49 /* DefaultFocusViewController.swift */,
				B40D1FAA273B5F2100881A49 /* DefaultFocusViewModel.swift */,
				B40D1FAC273B5F2700881A49 /* PomodoroFocusViewController.swift */,
				B40D1FAE273B5F2C00881A49 /* PomodoroFocusViewModel.swift */,
				B40D1FB8273B674F00881A49 /* InfinityFocusViewController.swift */,
				B40D1FB2273B5F3500881A49 /* InfinityFocusViewModel.swift */,
				B40D1FB4273B5F3900881A49 /* GenerateTimerUseCase.swift */,
				91CE6F7427391E1C00176AF2 /* HomeViewModel.swift */,
				914E1D86273A191D000CA5FB /* MediaCollectionViewCell.swift */,
				B4153940273B93B0004EF80F /* SaveFocusTimeUseCase.swift */,
				B4153948273BA34A004EF80F /* FocusTimeRepository.swift */,
				B4153944273B9676004EF80F /* FocusRecord.swift */,
			);
			path = Main;
			sourceTree = "<group>";
		};
		DDB5CE9F27328EA900E8F9EB /* Explore */ = {
			isa = PBXGroup;
			children = (
				DDB5CEA027328EB900E8F9EB /* Main */,
			);
			path = Explore;
			sourceTree = "<group>";
		};
		DDB5CEA027328EB900E8F9EB /* Main */ = {
			isa = PBXGroup;
			children = (
				DDB5CEA127328EC300E8F9EB /* ExploreViewController.swift */,
				B4F36B652733B8770073609C /* SearchViewController.swift */,
				B4F36B672733D4200073609C /* SearchTableViewCell.swift */,
				B4015CD72739270C006BD14A /* GenreCollectionViewCell.swift */,
			);
			path = Main;
			sourceTree = "<group>";
		};
		DDB5CEA327328ED900E8F9EB /* Me */ = {
			isa = PBXGroup;
			children = (
				DDB5CEA427328EDF00E8F9EB /* Main */,
			);
			path = Me;
			sourceTree = "<group>";
		};
		DDB5CEA427328EDF00E8F9EB /* Main */ = {
			isa = PBXGroup;
			children = (
				DDB5CEA727328EF400E8F9EB /* MeViewController.swift */,
			);
			path = Main;
			sourceTree = "<group>";
		};
		DDB5CEAC2733727600E8F9EB /* Domain */ = {
			isa = PBXGroup;
			children = (
				91CE6F7627391FF700176AF2 /* UseCases */,
				DDB5CEAD2733728100E8F9EB /* Entities */,
			);
			path = Domain;
			sourceTree = "<group>";
		};
		DDB5CEAD2733728100E8F9EB /* Entities */ = {
			isa = PBXGroup;
			children = (
				DDB5CEAE273372A700E8F9EB /* Media.swift */,
				9165585B273B8E6E00C55CDC /* PlayHistory.swift */,
				DDB5CEB22733752D00E8F9EB /* FavoriteMedia.swift */,
				DDB5CEB72733765500E8F9EB /* FavoriteMaxim.swift */,
				DDB5CEB02733746600E8F9EB /* Maxim.swift */,
			);
			path = Entities;
			sourceTree = "<group>";
		};
		DDB5CEBC2733A3A200E8F9EB /* LocalDB */ = {
			isa = PBXGroup;
			children = (
				91655855273B6F0200C55CDC /* LocalDBEnums.swift */,
				DDB5CEBD2733A49A00E8F9EB /* RealmDBManager.swift */,
			);
			path = LocalDB;
			sourceTree = "<group>";
		};
		DDB92B992737A96600EE26F0 /* Common */ = {
			isa = PBXGroup;
			children = (
				DDB92B9A2737A98B00EE26F0 /* MusicCollectionViewCell.swift */,
				DDB92B9C2737BD5E00EE26F0 /* UIView+Extension.swift */,
				91EA47C32738451100780C3E /* BlurEffect.swift */,
				91EA47C5273846A800780C3E /* BlurCircleButton.swift */,
				91EA47C727384EA500780C3E /* SystemConstants.swift */,
				91CE6F7227390AD200176AF2 /* FocusButton.swift */,
				B40D1FB6273B60A500881A49 /* Int+Extension.swift */,
				B4153946273BA005004EF80F /* Date+Extension.swift */,
			);
			path = Common;
			sourceTree = "<group>";
		};
		DF71D23027344AC700CD980E /* Network */ = {
			isa = PBXGroup;
			children = (
				9165584D273B5F2000C55CDC /* NetworkEnums.swift */,
				DF08B1DC2737F5010066518B /* RemoteServiceProvider.swift */,
			);
			path = Network;
			path = Common;
		DDB92B9F2737E36300EE26F0 /* Focus */ = {
			isa = PBXGroup;
			children = (
				DDB92BA02737E36E00EE26F0 /* FocusViewController.swift */,
				DDB92BA22738021B00EE26F0 /* FocusTimeView.swift */,
				DDB92BA4273802D500EE26F0 /* FocusStartView.swift */,
				DDB92BA6273803AA00EE26F0 /* FocusExtraView.swift */,
			);
			path = Focus;
			sourceTree = "<group>";
		};
		DFED21C927336F8F00E99641 /* Sound */ = {
			isa = PBXGroup;
			children = (
				DFED21CC273383F600E99641 /* Views */,
				DFED21CA2733702800E99641 /* MusicPlayerViewController.swift */,
				DF30FEFA273ADAA9001C720E /* CollectionView+MusicPlayerViewController.swift */,
			);
			path = Sound;
			sourceTree = "<group>";
		};
		DFED21CC273383F600E99641 /* Views */ = {
			isa = PBXGroup;
			children = (
				DFED21CF2733931600E99641 /* MusicDescriptionView.swift */,
				DFED21D82733AE8400E99641 /* MusicPlayerMaximView.swift */,
				DF30FEF8273A730F001C720E /* TagCell.swift */,
				DF30FF04273CBC3B001C720E /* MusicPlayerButtons.swift */,
			);
			path = Views;
			sourceTree = "<group>";
		};
		FC10DDE8A3B3F38BE43E9B68 /* Pods */ = {
			isa = PBXGroup;
			children = (
				0483E2A7DEBBF1C6B76CF830 /* Pods-JipJung.debug.xcconfig */,
				0B8DD22FEC5E234B31F27E14 /* Pods-JipJung.release.xcconfig */,
			);
			path = Pods;
			sourceTree = "<group>";
		};
/* End PBXGroup section */

/* Begin PBXNativeTarget section */
		912A72002733B99300C1A37E /* LocalFileManagerTests */ = {
			isa = PBXNativeTarget;
			buildConfigurationList = 912A72092733B99300C1A37E /* Build configuration list for PBXNativeTarget "LocalFileManagerTests" */;
			buildPhases = (
				912A71FD2733B99300C1A37E /* Sources */,
				912A71FE2733B99300C1A37E /* Frameworks */,
				912A71FF2733B99300C1A37E /* Resources */,
			);
			buildRules = (
			);
			dependencies = (
				912A72062733B99300C1A37E /* PBXTargetDependency */,
			);
			name = LocalFileManagerTests;
			productName = LocalFileManagerTests;
			productReference = 912A72012733B99300C1A37E /* LocalFileManagerTests.xctest */;
			productType = "com.apple.product-type.bundle.unit-test";
		};
		B4F36B5527338E9B0073609C /* UserDefaultsStorageTest */ = {
			isa = PBXNativeTarget;
			buildConfigurationList = B4F36B5C27338E9B0073609C /* Build configuration list for PBXNativeTarget "UserDefaultsStorageTest" */;
			buildPhases = (
				B4F36B5227338E9B0073609C /* Sources */,
				B4F36B5327338E9B0073609C /* Frameworks */,
				B4F36B5427338E9B0073609C /* Resources */,
			);
			buildRules = (
			);
			dependencies = (
				B4F36B5B27338E9B0073609C /* PBXTargetDependency */,
			);
			name = UserDefaultsStorageTest;
			productName = UserDefaultsStorageTest;
			productReference = B4F36B5627338E9B0073609C /* UserDefaultsStorageTest.xctest */;
			productType = "com.apple.product-type.bundle.unit-test";
		};
		DD3902CC272FCA10009ECA82 /* JipJung */ = {
			isa = PBXNativeTarget;
			buildConfigurationList = DD3902E1272FCA12009ECA82 /* Build configuration list for PBXNativeTarget "JipJung" */;
			buildPhases = (
				422FBE53D64A355C459A434C /* [CP] Check Pods Manifest.lock */,
				DD3902C9272FCA10009ECA82 /* Sources */,
				DD3902CA272FCA10009ECA82 /* Frameworks */,
				DD3902CB272FCA10009ECA82 /* Resources */,
				DD3902FB272FD2F2009ECA82 /* ShellScript */,
				498F8FEF3AD40D3CDC6A7BE7 /* [CP] Embed Pods Frameworks */,
			);
			buildRules = (
			);
			dependencies = (
			);
			name = JipJung;
			productName = JipJung;
			productReference = DD3902CD272FCA10009ECA82 /* JipJung.app */;
			productType = "com.apple.product-type.application";
		};
/* End PBXNativeTarget section */

/* Begin PBXProject section */
		DD3902C5272FCA10009ECA82 /* Project object */ = {
			isa = PBXProject;
			attributes = {
				BuildIndependentTargetsInParallel = 1;
				LastSwiftUpdateCheck = 1310;
				LastUpgradeCheck = 1310;
				TargetAttributes = {
					912A72002733B99300C1A37E = {
						CreatedOnToolsVersion = 13.1;
						TestTargetID = DD3902CC272FCA10009ECA82;
					};
					B4F36B5527338E9B0073609C = {
						CreatedOnToolsVersion = 13.0;
						TestTargetID = DD3902CC272FCA10009ECA82;
					};
					DD3902CC272FCA10009ECA82 = {
						CreatedOnToolsVersion = 13.1;
					};
				};
			};
			buildConfigurationList = DD3902C8272FCA10009ECA82 /* Build configuration list for PBXProject "JipJung" */;
			compatibilityVersion = "Xcode 13.0";
			developmentRegion = en;
			hasScannedForEncodings = 0;
			knownRegions = (
				en,
				Base,
			);
			mainGroup = DD3902C4272FCA10009ECA82;
			productRefGroup = DD3902CE272FCA10009ECA82 /* Products */;
			projectDirPath = "";
			projectRoot = "";
			targets = (
				DD3902CC272FCA10009ECA82 /* JipJung */,
				B4F36B5527338E9B0073609C /* UserDefaultsStorageTest */,
				912A72002733B99300C1A37E /* LocalFileManagerTests */,
			);
		};
/* End PBXProject section */

/* Begin PBXResourcesBuildPhase section */
		912A71FF2733B99300C1A37E /* Resources */ = {
			isa = PBXResourcesBuildPhase;
			buildActionMask = 2147483647;
			files = (
			);
			runOnlyForDeploymentPostprocessing = 0;
		};
		B4F36B5427338E9B0073609C /* Resources */ = {
			isa = PBXResourcesBuildPhase;
			buildActionMask = 2147483647;
			files = (
			);
			runOnlyForDeploymentPostprocessing = 0;
		};
		DD3902CB272FCA10009ECA82 /* Resources */ = {
			isa = PBXResourcesBuildPhase;
			buildActionMask = 2147483647;
			files = (
				91DABCC2273A651400E57AAE /* test2.mp4 in Resources */,
				91EA47C027383DE600780C3E /* test.mp4 in Resources */,
				91EA47C127383DE600780C3E /* testSound.m4a in Resources */,
				DD3902DD272FCA12009ECA82 /* LaunchScreen.storyboard in Resources */,
				DF30FEFD273AEBD3001C720E /* sea.mp4 in Resources */,
				DD3902DA272FCA12009ECA82 /* Assets.xcassets in Resources */,
				DF71D22F2734455600CD980E /* GoogleService-Info.plist in Resources */,
			);
			runOnlyForDeploymentPostprocessing = 0;
		};
/* End PBXResourcesBuildPhase section */

/* Begin PBXShellScriptBuildPhase section */
		422FBE53D64A355C459A434C /* [CP] Check Pods Manifest.lock */ = {
			isa = PBXShellScriptBuildPhase;
			buildActionMask = 2147483647;
			files = (
			);
			inputFileListPaths = (
			);
			inputPaths = (
				"${PODS_PODFILE_DIR_PATH}/Podfile.lock",
				"${PODS_ROOT}/Manifest.lock",
			);
			name = "[CP] Check Pods Manifest.lock";
			outputFileListPaths = (
			);
			outputPaths = (
				"$(DERIVED_FILE_DIR)/Pods-JipJung-checkManifestLockResult.txt",
			);
			runOnlyForDeploymentPostprocessing = 0;
			shellPath = /bin/sh;
			shellScript = "diff \"${PODS_PODFILE_DIR_PATH}/Podfile.lock\" \"${PODS_ROOT}/Manifest.lock\" > /dev/null\nif [ $? != 0 ] ; then\n    # print error to STDERR\n    echo \"error: The sandbox is not in sync with the Podfile.lock. Run 'pod install' or update your CocoaPods installation.\" >&2\n    exit 1\nfi\n# This output is used by Xcode 'outputs' to avoid re-running this script phase.\necho \"SUCCESS\" > \"${SCRIPT_OUTPUT_FILE_0}\"\n";
			showEnvVarsInLog = 0;
		};
		498F8FEF3AD40D3CDC6A7BE7 /* [CP] Embed Pods Frameworks */ = {
			isa = PBXShellScriptBuildPhase;
			buildActionMask = 2147483647;
			files = (
			);
			inputFileListPaths = (
				"${PODS_ROOT}/Target Support Files/Pods-JipJung/Pods-JipJung-frameworks-${CONFIGURATION}-input-files.xcfilelist",
			);
			name = "[CP] Embed Pods Frameworks";
			outputFileListPaths = (
				"${PODS_ROOT}/Target Support Files/Pods-JipJung/Pods-JipJung-frameworks-${CONFIGURATION}-output-files.xcfilelist",
			);
			runOnlyForDeploymentPostprocessing = 0;
			shellPath = /bin/sh;
			shellScript = "\"${PODS_ROOT}/Target Support Files/Pods-JipJung/Pods-JipJung-frameworks.sh\"\n";
			showEnvVarsInLog = 0;
		};
		DD3902FB272FD2F2009ECA82 /* ShellScript */ = {
			isa = PBXShellScriptBuildPhase;
			buildActionMask = 2147483647;
			files = (
			);
			inputFileListPaths = (
			);
			inputPaths = (
			);
			outputFileListPaths = (
			);
			outputPaths = (
			);
			runOnlyForDeploymentPostprocessing = 0;
			shellPath = /bin/sh;
			shellScript = "\"${PODS_ROOT}/SwiftLint/swiftlint\"\n";
		};
/* End PBXShellScriptBuildPhase section */

/* Begin PBXSourcesBuildPhase section */
		912A71FD2733B99300C1A37E /* Sources */ = {
			isa = PBXSourcesBuildPhase;
			buildActionMask = 2147483647;
			files = (
				912A72042733B99300C1A37E /* LocalFileManagerTests.swift in Sources */,
				912A720A2733B9AC00C1A37E /* LocalFileManager.swift in Sources */,
			);
			runOnlyForDeploymentPostprocessing = 0;
		};
		B4F36B5227338E9B0073609C /* Sources */ = {
			isa = PBXSourcesBuildPhase;
			buildActionMask = 2147483647;
			files = (
				B4F36B5927338E9B0073609C /* UserDefaultsStorageTest.swift in Sources */,
			);
			runOnlyForDeploymentPostprocessing = 0;
		};
		DD3902C9272FCA10009ECA82 /* Sources */ = {
			isa = PBXSourcesBuildPhase;
			buildActionMask = 2147483647;
			files = (
				DF08B1DD2737F5010066518B /* RemoteServiceProvider.swift in Sources */,
				B4F36B682733D4210073609C /* SearchTableViewCell.swift in Sources */,
				B40D1FB9273B674F00881A49 /* InfinityFocusViewController.swift in Sources */,
				DDB92B9D2737BD5E00EE26F0 /* UIView+Extension.swift in Sources */,
				B40D1FA9273B5F1900881A49 /* DefaultFocusViewController.swift in Sources */,
				B40D1FAD273B5F2800881A49 /* PomodoroFocusViewController.swift in Sources */,
				DDB5CEB32733752D00E8F9EB /* FavoriteMedia.swift in Sources */,
				91655854273B6EE800C55CDC /* LocalDBManagable.swift in Sources */,
				DDB92B9D2737BD5E00EE26F0 /* UIView+Extension.swift in Sources */,
				DDB5CEB32733752D00E8F9EB /* FavoriteMedia.swift in Sources */,
				DDB5CE9E27328E8300E8F9EB /* HomeViewController.swift in Sources */,
				91CE6F782739203200176AF2 /* MediaListUseCase.swift in Sources */,
				B4153945273B9676004EF80F /* FocusRecord.swift in Sources */,
				91EA47C827384EA500780C3E /* SystemConstants.swift in Sources */,
				B4153947273BA005004EF80F /* Date+Extension.swift in Sources */,
				DF30FEFF273C42B0001C720E /* PlayerBaseButton.swift in Sources */,
				DDB5CEA827328EF400E8F9EB /* MeViewController.swift in Sources */,
				DDB92BA12737E36E00EE26F0 /* FocusViewController.swift in Sources */,
				DDB5CEB12733746600E8F9EB /* Maxim.swift in Sources */,
				DDB92B9B2737A98B00EE26F0 /* MusicCollectionViewCell.swift in Sources */,
				DF30FF05273CBC3B001C720E /* MusicPlayerButtons.swift in Sources */,
				DDB5CEB82733765500E8F9EB /* FavoriteMaxim.swift in Sources */,
				9165585A273B78A000C55CDC /* MediaListRepository.swift in Sources */,
				DF6B111127390F1900D9924E /* MediaResourceRepository.swift in Sources */,
				9165585C273B8E6E00C55CDC /* PlayHistory.swift in Sources */,
				91655856273B6F0200C55CDC /* LocalDBEnums.swift in Sources */,
				91655852273B618700C55CDC /* LocalFileEnums.swift in Sources */,
				DDB5CEA227328EC300E8F9EB /* ExploreViewController.swift in Sources */,
				9165584C273B5D3F00C55CDC /* LocalFileAccessible.swift in Sources */,
				DFED21CB2733702800E99641 /* MusicPlayerViewController.swift in Sources */,
				DF6B111127390F1900D9924E /* MediaRepository.swift in Sources */,
				DDB92BA32738021B00EE26F0 /* FocusTimeView.swift in Sources */,
				DDB5CEA227328EC300E8F9EB /* ExploreViewController.swift in Sources */,
				DDB92BA5273802D500EE26F0 /* FocusStartView.swift in Sources */,
				DD3902D1272FCA10009ECA82 /* AppDelegate.swift in Sources */,
				DDB5CEAF273372A700E8F9EB /* Media.swift in Sources */,
				B4F36B662733B8770073609C /* SearchViewController.swift in Sources */,
				B4F36B5127336EE20073609C /* UserDefaultsStorage.swift in Sources */,
				B40D1FAF273B5F2C00881A49 /* PomodoroFocusViewModel.swift in Sources */,
				91CE6F6F2739024800176AF2 /* Home+Enums.swift in Sources */,
				91CE6F6F2739024800176AF2 /* Enums.swift in Sources */,
				B4153949273BA34A004EF80F /* FocusTimeRepository.swift in Sources */,
				B40D1FB7273B60A500881A49 /* Int+Extension.swift in Sources */,
				B40D1FB3273B5F3500881A49 /* InfinityFocusViewModel.swift in Sources */,
				91CE6F6F2739024800176AF2 /* Home+Enums.swift in Sources */,
				91EA47C42738451100780C3E /* BlurEffect.swift in Sources */,
				9165585E273B8F5000C55CDC /* MaximListRepository.swift in Sources */,
				B40D1FAB273B5F2100881A49 /* DefaultFocusViewModel.swift in Sources */,
				91DABCC0273A4EF000E57AAE /* AudioPlayUseCase.swift in Sources */,
				DDB5CEBE2733A49A00E8F9EB /* RealmDBManager.swift in Sources */,
				B40D1FB5273B5F3900881A49 /* GenerateTimerUseCase.swift in Sources */,
				914E1D87273A191D000CA5FB /* MediaCollectionViewCell.swift in Sources */,
				91655858273B773400C55CDC /* ContentsListUseCase.swift in Sources */,
				91655850273B5F4800C55CDC /* RemoteServiceAccessible.swift in Sources */,
				9165584E273B5F2000C55CDC /* NetworkEnums.swift in Sources */,
				91EA47C6273846A800780C3E /* BlurCircleButton.swift in Sources */,
				B4015CD42739151B006BD14A /* RecentMusicViewController.swift in Sources */,
				DFED21D02733931600E99641 /* MusicDescriptionView.swift in Sources */,
				DDB92BA7273803AA00EE26F0 /* FocusExtraView.swift in Sources */,
				DD3902D3272FCA10009ECA82 /* SceneDelegate.swift in Sources */,
				B4015CD627391529006BD14A /* FavoriteMusicViewController.swift in Sources */,
				91E4178927312FEB001BA0A6 /* LocalFileManager.swift in Sources */,
				91CE6F7327390AD200176AF2 /* FocusButton.swift in Sources */,
				B4153941273B93B0004EF80F /* SaveFocusTimeUseCase.swift in Sources */,
				B4015CD82739270C006BD14A /* GenreCollectionViewCell.swift in Sources */,
				9198DE952733863500EBAEC8 /* Common.swift in Sources */,
				91CE6F7527391E1C00176AF2 /* HomeViewModel.swift in Sources */,
				DF30FEFB273ADAA9001C720E /* CollectionView+MusicPlayerViewController.swift in Sources */,
				DFED21D92733AE8400E99641 /* MusicPlayerMaximView.swift in Sources */,
				DF30FEF9273A730F001C720E /* TagCell.swift in Sources */,
			);
			runOnlyForDeploymentPostprocessing = 0;
		};
/* End PBXSourcesBuildPhase section */

/* Begin PBXTargetDependency section */
		912A72062733B99300C1A37E /* PBXTargetDependency */ = {
			isa = PBXTargetDependency;
			target = DD3902CC272FCA10009ECA82 /* JipJung */;
			targetProxy = 912A72052733B99300C1A37E /* PBXContainerItemProxy */;
		};
		B4F36B5B27338E9B0073609C /* PBXTargetDependency */ = {
			isa = PBXTargetDependency;
			target = DD3902CC272FCA10009ECA82 /* JipJung */;
			targetProxy = B4F36B5A27338E9B0073609C /* PBXContainerItemProxy */;
		};
/* End PBXTargetDependency section */

/* Begin PBXVariantGroup section */
		DD3902DB272FCA12009ECA82 /* LaunchScreen.storyboard */ = {
			isa = PBXVariantGroup;
			children = (
				DD3902DC272FCA12009ECA82 /* Base */,
			);
			name = LaunchScreen.storyboard;
			sourceTree = "<group>";
		};
/* End PBXVariantGroup section */

/* Begin XCBuildConfiguration section */
		912A72072733B99300C1A37E /* Debug */ = {
			isa = XCBuildConfiguration;
			buildSettings = {
				BUNDLE_LOADER = "$(TEST_HOST)";
				CODE_SIGN_STYLE = Automatic;
				CURRENT_PROJECT_VERSION = 1;
				DEVELOPMENT_TEAM = B3PWYBKFUK;
				GENERATE_INFOPLIST_FILE = YES;
				LD_RUNPATH_SEARCH_PATHS = (
					"$(inherited)",
					"@executable_path/Frameworks",
					"@loader_path/Frameworks",
				);
				MARKETING_VERSION = 1.0;
				PRODUCT_BUNDLE_IDENTIFIER = Wavvie.LocalFileManagerTests;
				PRODUCT_NAME = "$(TARGET_NAME)";
				SWIFT_EMIT_LOC_STRINGS = NO;
				SWIFT_VERSION = 5.0;
				TARGETED_DEVICE_FAMILY = "1,2";
				TEST_HOST = "$(BUILT_PRODUCTS_DIR)/JipJung.app/JipJung";
			};
			name = Debug;
		};
		912A72082733B99300C1A37E /* Release */ = {
			isa = XCBuildConfiguration;
			buildSettings = {
				BUNDLE_LOADER = "$(TEST_HOST)";
				CODE_SIGN_STYLE = Automatic;
				CURRENT_PROJECT_VERSION = 1;
				DEVELOPMENT_TEAM = B3PWYBKFUK;
				GENERATE_INFOPLIST_FILE = YES;
				LD_RUNPATH_SEARCH_PATHS = (
					"$(inherited)",
					"@executable_path/Frameworks",
					"@loader_path/Frameworks",
				);
				MARKETING_VERSION = 1.0;
				PRODUCT_BUNDLE_IDENTIFIER = Wavvie.LocalFileManagerTests;
				PRODUCT_NAME = "$(TARGET_NAME)";
				SWIFT_EMIT_LOC_STRINGS = NO;
				SWIFT_VERSION = 5.0;
				TARGETED_DEVICE_FAMILY = "1,2";
				TEST_HOST = "$(BUILT_PRODUCTS_DIR)/JipJung.app/JipJung";
			};
			name = Release;
		};
		B4F36B5D27338E9B0073609C /* Debug */ = {
			isa = XCBuildConfiguration;
			buildSettings = {
				BUNDLE_LOADER = "$(TEST_HOST)";
				CODE_SIGN_STYLE = Automatic;
				CURRENT_PROJECT_VERSION = 1;
				DEVELOPMENT_TEAM = B3PWYBKFUK;
				GENERATE_INFOPLIST_FILE = YES;
				LD_RUNPATH_SEARCH_PATHS = (
					"$(inherited)",
					"@executable_path/Frameworks",
					"@loader_path/Frameworks",
				);
				MARKETING_VERSION = 1.0;
				PRODUCT_BUNDLE_IDENTIFIER = Wavvie.UserDefaultsStorageTest;
				PRODUCT_NAME = "$(TARGET_NAME)";
				SWIFT_EMIT_LOC_STRINGS = NO;
				SWIFT_VERSION = 5.0;
				TARGETED_DEVICE_FAMILY = "1,2";
				TEST_HOST = "$(BUILT_PRODUCTS_DIR)/JipJung.app/JipJung";
			};
			name = Debug;
		};
		B4F36B5E27338E9B0073609C /* Release */ = {
			isa = XCBuildConfiguration;
			buildSettings = {
				BUNDLE_LOADER = "$(TEST_HOST)";
				CODE_SIGN_STYLE = Automatic;
				CURRENT_PROJECT_VERSION = 1;
				DEVELOPMENT_TEAM = B3PWYBKFUK;
				GENERATE_INFOPLIST_FILE = YES;
				LD_RUNPATH_SEARCH_PATHS = (
					"$(inherited)",
					"@executable_path/Frameworks",
					"@loader_path/Frameworks",
				);
				MARKETING_VERSION = 1.0;
				PRODUCT_BUNDLE_IDENTIFIER = Wavvie.UserDefaultsStorageTest;
				PRODUCT_NAME = "$(TARGET_NAME)";
				SWIFT_EMIT_LOC_STRINGS = NO;
				SWIFT_VERSION = 5.0;
				TARGETED_DEVICE_FAMILY = "1,2";
				TEST_HOST = "$(BUILT_PRODUCTS_DIR)/JipJung.app/JipJung";
			};
			name = Release;
		};
		DD3902DF272FCA12009ECA82 /* Debug */ = {
			isa = XCBuildConfiguration;
			buildSettings = {
				ALWAYS_SEARCH_USER_PATHS = NO;
				CLANG_ANALYZER_NONNULL = YES;
				CLANG_ANALYZER_NUMBER_OBJECT_CONVERSION = YES_AGGRESSIVE;
				CLANG_CXX_LANGUAGE_STANDARD = "gnu++17";
				CLANG_CXX_LIBRARY = "libc++";
				CLANG_ENABLE_MODULES = YES;
				CLANG_ENABLE_OBJC_ARC = YES;
				CLANG_ENABLE_OBJC_WEAK = YES;
				CLANG_WARN_BLOCK_CAPTURE_AUTORELEASING = YES;
				CLANG_WARN_BOOL_CONVERSION = YES;
				CLANG_WARN_COMMA = YES;
				CLANG_WARN_CONSTANT_CONVERSION = YES;
				CLANG_WARN_DEPRECATED_OBJC_IMPLEMENTATIONS = YES;
				CLANG_WARN_DIRECT_OBJC_ISA_USAGE = YES_ERROR;
				CLANG_WARN_DOCUMENTATION_COMMENTS = YES;
				CLANG_WARN_EMPTY_BODY = YES;
				CLANG_WARN_ENUM_CONVERSION = YES;
				CLANG_WARN_INFINITE_RECURSION = YES;
				CLANG_WARN_INT_CONVERSION = YES;
				CLANG_WARN_NON_LITERAL_NULL_CONVERSION = YES;
				CLANG_WARN_OBJC_IMPLICIT_RETAIN_SELF = YES;
				CLANG_WARN_OBJC_LITERAL_CONVERSION = YES;
				CLANG_WARN_OBJC_ROOT_CLASS = YES_ERROR;
				CLANG_WARN_QUOTED_INCLUDE_IN_FRAMEWORK_HEADER = YES;
				CLANG_WARN_RANGE_LOOP_ANALYSIS = YES;
				CLANG_WARN_STRICT_PROTOTYPES = YES;
				CLANG_WARN_SUSPICIOUS_MOVE = YES;
				CLANG_WARN_UNGUARDED_AVAILABILITY = YES_AGGRESSIVE;
				CLANG_WARN_UNREACHABLE_CODE = YES;
				CLANG_WARN__DUPLICATE_METHOD_MATCH = YES;
				COPY_PHASE_STRIP = NO;
				DEBUG_INFORMATION_FORMAT = dwarf;
				ENABLE_STRICT_OBJC_MSGSEND = YES;
				ENABLE_TESTABILITY = YES;
				GCC_C_LANGUAGE_STANDARD = gnu11;
				GCC_DYNAMIC_NO_PIC = NO;
				GCC_NO_COMMON_BLOCKS = YES;
				GCC_OPTIMIZATION_LEVEL = 0;
				GCC_PREPROCESSOR_DEFINITIONS = (
					"DEBUG=1",
					"$(inherited)",
				);
				GCC_WARN_64_TO_32_BIT_CONVERSION = YES;
				GCC_WARN_ABOUT_RETURN_TYPE = YES_ERROR;
				GCC_WARN_UNDECLARED_SELECTOR = YES;
				GCC_WARN_UNINITIALIZED_AUTOS = YES_AGGRESSIVE;
				GCC_WARN_UNUSED_FUNCTION = YES;
				GCC_WARN_UNUSED_VARIABLE = YES;
				IPHONEOS_DEPLOYMENT_TARGET = 15.0;
				MTL_ENABLE_DEBUG_INFO = INCLUDE_SOURCE;
				MTL_FAST_MATH = YES;
				ONLY_ACTIVE_ARCH = YES;
				SDKROOT = iphoneos;
				SWIFT_ACTIVE_COMPILATION_CONDITIONS = DEBUG;
				SWIFT_OPTIMIZATION_LEVEL = "-Onone";
			};
			name = Debug;
		};
		DD3902E0272FCA12009ECA82 /* Release */ = {
			isa = XCBuildConfiguration;
			buildSettings = {
				ALWAYS_SEARCH_USER_PATHS = NO;
				CLANG_ANALYZER_NONNULL = YES;
				CLANG_ANALYZER_NUMBER_OBJECT_CONVERSION = YES_AGGRESSIVE;
				CLANG_CXX_LANGUAGE_STANDARD = "gnu++17";
				CLANG_CXX_LIBRARY = "libc++";
				CLANG_ENABLE_MODULES = YES;
				CLANG_ENABLE_OBJC_ARC = YES;
				CLANG_ENABLE_OBJC_WEAK = YES;
				CLANG_WARN_BLOCK_CAPTURE_AUTORELEASING = YES;
				CLANG_WARN_BOOL_CONVERSION = YES;
				CLANG_WARN_COMMA = YES;
				CLANG_WARN_CONSTANT_CONVERSION = YES;
				CLANG_WARN_DEPRECATED_OBJC_IMPLEMENTATIONS = YES;
				CLANG_WARN_DIRECT_OBJC_ISA_USAGE = YES_ERROR;
				CLANG_WARN_DOCUMENTATION_COMMENTS = YES;
				CLANG_WARN_EMPTY_BODY = YES;
				CLANG_WARN_ENUM_CONVERSION = YES;
				CLANG_WARN_INFINITE_RECURSION = YES;
				CLANG_WARN_INT_CONVERSION = YES;
				CLANG_WARN_NON_LITERAL_NULL_CONVERSION = YES;
				CLANG_WARN_OBJC_IMPLICIT_RETAIN_SELF = YES;
				CLANG_WARN_OBJC_LITERAL_CONVERSION = YES;
				CLANG_WARN_OBJC_ROOT_CLASS = YES_ERROR;
				CLANG_WARN_QUOTED_INCLUDE_IN_FRAMEWORK_HEADER = YES;
				CLANG_WARN_RANGE_LOOP_ANALYSIS = YES;
				CLANG_WARN_STRICT_PROTOTYPES = YES;
				CLANG_WARN_SUSPICIOUS_MOVE = YES;
				CLANG_WARN_UNGUARDED_AVAILABILITY = YES_AGGRESSIVE;
				CLANG_WARN_UNREACHABLE_CODE = YES;
				CLANG_WARN__DUPLICATE_METHOD_MATCH = YES;
				COPY_PHASE_STRIP = NO;
				DEBUG_INFORMATION_FORMAT = "dwarf-with-dsym";
				ENABLE_NS_ASSERTIONS = NO;
				ENABLE_STRICT_OBJC_MSGSEND = YES;
				GCC_C_LANGUAGE_STANDARD = gnu11;
				GCC_NO_COMMON_BLOCKS = YES;
				GCC_WARN_64_TO_32_BIT_CONVERSION = YES;
				GCC_WARN_ABOUT_RETURN_TYPE = YES_ERROR;
				GCC_WARN_UNDECLARED_SELECTOR = YES;
				GCC_WARN_UNINITIALIZED_AUTOS = YES_AGGRESSIVE;
				GCC_WARN_UNUSED_FUNCTION = YES;
				GCC_WARN_UNUSED_VARIABLE = YES;
				IPHONEOS_DEPLOYMENT_TARGET = 15.0;
				MTL_ENABLE_DEBUG_INFO = NO;
				MTL_FAST_MATH = YES;
				SDKROOT = iphoneos;
				SWIFT_COMPILATION_MODE = wholemodule;
				SWIFT_OPTIMIZATION_LEVEL = "-O";
				VALIDATE_PRODUCT = YES;
			};
			name = Release;
		};
		DD3902E2272FCA12009ECA82 /* Debug */ = {
			isa = XCBuildConfiguration;
			baseConfigurationReference = 0483E2A7DEBBF1C6B76CF830 /* Pods-JipJung.debug.xcconfig */;
			buildSettings = {
				ASSETCATALOG_COMPILER_APPICON_NAME = AppIcon;
				ASSETCATALOG_COMPILER_GLOBAL_ACCENT_COLOR_NAME = AccentColor;
				CODE_SIGN_IDENTITY = "Apple Development";
				CODE_SIGN_STYLE = Automatic;
				CURRENT_PROJECT_VERSION = 1;
				DEVELOPMENT_TEAM = B3PWYBKFUK;
				GENERATE_INFOPLIST_FILE = YES;
				INFOPLIST_FILE = JipJung/Info.plist;
				INFOPLIST_KEY_UIApplicationSupportsIndirectInputEvents = YES;
				INFOPLIST_KEY_UILaunchStoryboardName = LaunchScreen;
				INFOPLIST_KEY_UISupportedInterfaceOrientations_iPad = "UIInterfaceOrientationPortrait UIInterfaceOrientationPortraitUpsideDown UIInterfaceOrientationLandscapeLeft UIInterfaceOrientationLandscapeRight";
				INFOPLIST_KEY_UISupportedInterfaceOrientations_iPhone = "UIInterfaceOrientationPortrait UIInterfaceOrientationLandscapeLeft UIInterfaceOrientationLandscapeRight";
				LD_RUNPATH_SEARCH_PATHS = (
					"$(inherited)",
					"@executable_path/Frameworks",
				);
				MARKETING_VERSION = 1.0;
				PRODUCT_BUNDLE_IDENTIFIER = Wavvie.JipJung;
				PRODUCT_NAME = "$(TARGET_NAME)";
				PROVISIONING_PROFILE_SPECIFIER = "";
				SWIFT_EMIT_LOC_STRINGS = YES;
				SWIFT_VERSION = 5.0;
				TARGETED_DEVICE_FAMILY = "1,2";
			};
			name = Debug;
		};
		DD3902E3272FCA12009ECA82 /* Release */ = {
			isa = XCBuildConfiguration;
			baseConfigurationReference = 0B8DD22FEC5E234B31F27E14 /* Pods-JipJung.release.xcconfig */;
			buildSettings = {
				ASSETCATALOG_COMPILER_APPICON_NAME = AppIcon;
				ASSETCATALOG_COMPILER_GLOBAL_ACCENT_COLOR_NAME = AccentColor;
				CODE_SIGN_IDENTITY = "Apple Development";
				CODE_SIGN_STYLE = Automatic;
				CURRENT_PROJECT_VERSION = 1;
				DEVELOPMENT_TEAM = B3PWYBKFUK;
				GENERATE_INFOPLIST_FILE = YES;
				INFOPLIST_FILE = JipJung/Info.plist;
				INFOPLIST_KEY_UIApplicationSupportsIndirectInputEvents = YES;
				INFOPLIST_KEY_UILaunchStoryboardName = LaunchScreen;
				INFOPLIST_KEY_UISupportedInterfaceOrientations_iPad = "UIInterfaceOrientationPortrait UIInterfaceOrientationPortraitUpsideDown UIInterfaceOrientationLandscapeLeft UIInterfaceOrientationLandscapeRight";
				INFOPLIST_KEY_UISupportedInterfaceOrientations_iPhone = "UIInterfaceOrientationPortrait UIInterfaceOrientationLandscapeLeft UIInterfaceOrientationLandscapeRight";
				LD_RUNPATH_SEARCH_PATHS = (
					"$(inherited)",
					"@executable_path/Frameworks",
				);
				MARKETING_VERSION = 1.0;
				PRODUCT_BUNDLE_IDENTIFIER = Wavvie.JipJung;
				PRODUCT_NAME = "$(TARGET_NAME)";
				PROVISIONING_PROFILE_SPECIFIER = "";
				SWIFT_EMIT_LOC_STRINGS = YES;
				SWIFT_VERSION = 5.0;
				TARGETED_DEVICE_FAMILY = "1,2";
			};
			name = Release;
		};
/* End XCBuildConfiguration section */

/* Begin XCConfigurationList section */
		912A72092733B99300C1A37E /* Build configuration list for PBXNativeTarget "LocalFileManagerTests" */ = {
			isa = XCConfigurationList;
			buildConfigurations = (
				912A72072733B99300C1A37E /* Debug */,
				912A72082733B99300C1A37E /* Release */,
			);
			defaultConfigurationIsVisible = 0;
			defaultConfigurationName = Release;
		};
		B4F36B5C27338E9B0073609C /* Build configuration list for PBXNativeTarget "UserDefaultsStorageTest" */ = {
			isa = XCConfigurationList;
			buildConfigurations = (
				B4F36B5D27338E9B0073609C /* Debug */,
				B4F36B5E27338E9B0073609C /* Release */,
			);
			defaultConfigurationIsVisible = 0;
			defaultConfigurationName = Release;
		};
		DD3902C8272FCA10009ECA82 /* Build configuration list for PBXProject "JipJung" */ = {
			isa = XCConfigurationList;
			buildConfigurations = (
				DD3902DF272FCA12009ECA82 /* Debug */,
				DD3902E0272FCA12009ECA82 /* Release */,
			);
			defaultConfigurationIsVisible = 0;
			defaultConfigurationName = Release;
		};
		DD3902E1272FCA12009ECA82 /* Build configuration list for PBXNativeTarget "JipJung" */ = {
			isa = XCConfigurationList;
			buildConfigurations = (
				DD3902E2272FCA12009ECA82 /* Debug */,
				DD3902E3272FCA12009ECA82 /* Release */,
			);
			defaultConfigurationIsVisible = 0;
			defaultConfigurationName = Release;
		};
/* End XCConfigurationList section */
	};
	rootObject = DD3902C5272FCA10009ECA82 /* Project object */;
}
